
Microsoft Visual Studio Solution File, Format Version 12.00
# Visual Studio Version 17
VisualStudioVersion = 17.7.34031.279
MinimumVisualStudioVersion = 10.0.40219.1
Project("{FAE04EC0-301F-11D3-BF4B-00C04F79EFBC}") = "Priklad6", "Priklad6\Priklad6.csproj", "{35CC9989-9E47-403D-8D57-E836C928A504}"
EndProject
Global
	GlobalSection(SolutionConfigurationPlatforms) = preSolution
		Debug|Any CPU = Debug|Any CPU
		Release|Any CPU = Release|Any CPU
	EndGlobalSection
	GlobalSection(ProjectConfigurationPlatforms) = postSolution
		{35CC9989-9E47-403D-8D57-E836C928A504}.Debug|Any CPU.ActiveCfg = Debug|Any CPU
		{35CC9989-9E47-403D-8D57-E836C928A504}.Debug|Any CPU.Build.0 = Debug|Any CPU
		{35CC9989-9E47-403D-8D57-E836C928A504}.Release|Any CPU.ActiveCfg = Release|Any CPU
		{35CC9989-9E47-403D-8D57-E836C928A504}.Release|Any CPU.Build.0 = Release|Any CPU
	EndGlobalSection
	GlobalSection(SolutionProperties) = preSolution
		HideSolutionNode = FALSE
	EndGlobalSection
	GlobalSection(ExtensibilityGlobals) = postSolution
		SolutionGuid = {D14F2E99-2BC1-40FF-9772-EDBB61E763D5}
	EndGlobalSection
EndGlobal
